// !$*UTF8*$!
{
	archiveVersion = 1;
	classes = {
	};
	objectVersion = 50;
	objects = {

/* Begin PBXBuildFile section */
		23D43DB004A973C6D9260180 /* Pods_Export10.framework in Frameworks */ = {isa = PBXBuildFile; fileRef = C4636175A92E4974399C248C /* Pods_Export10.framework */; };
		CEF943D12310A6580006EE9C /* AppDelegate.swift in Sources */ = {isa = PBXBuildFile; fileRef = CEF943D02310A6580006EE9C /* AppDelegate.swift */; };
		CEF943D32310A6580006EE9C /* ViewController.swift in Sources */ = {isa = PBXBuildFile; fileRef = CEF943D22310A6580006EE9C /* ViewController.swift */; };
		CEF943D62310A6580006EE9C /* Main.storyboard in Resources */ = {isa = PBXBuildFile; fileRef = CEF943D42310A6580006EE9C /* Main.storyboard */; };
		CEF943D82310A65A0006EE9C /* Assets.xcassets in Resources */ = {isa = PBXBuildFile; fileRef = CEF943D72310A65A0006EE9C /* Assets.xcassets */; };
		CEF943DB2310A65A0006EE9C /* LaunchScreen.storyboard in Resources */ = {isa = PBXBuildFile; fileRef = CEF943D92310A65A0006EE9C /* LaunchScreen.storyboard */; };
/* End PBXBuildFile section */

/* Begin PBXFileReference section */
		C4636175A92E4974399C248C /* Pods_Export10.framework */ = {isa = PBXFileReference; explicitFileType = wrapper.framework; includeInIndex = 0; path = Pods_Export10.framework; sourceTree = BUILT_PRODUCTS_DIR; };
		CAFE9266BA570D3DE79A40DB /* Pods-Export10.debug.xcconfig */ = {isa = PBXFileReference; includeInIndex = 1; lastKnownFileType = text.xcconfig; name = "Pods-Export10.debug.xcconfig"; path = "Target Support Files/Pods-Export10/Pods-Export10.debug.xcconfig"; sourceTree = "<group>"; };
		CEF943CD2310A6580006EE9C /* Export10.app */ = {isa = PBXFileReference; explicitFileType = wrapper.application; includeInIndex = 0; path = Export10.app; sourceTree = BUILT_PRODUCTS_DIR; };
		CEF943D02310A6580006EE9C /* AppDelegate.swift */ = {isa = PBXFileReference; lastKnownFileType = sourcecode.swift; path = AppDelegate.swift; sourceTree = "<group>"; };
		CEF943D22310A6580006EE9C /* ViewController.swift */ = {isa = PBXFileReference; lastKnownFileType = sourcecode.swift; path = ViewController.swift; sourceTree = "<group>"; };
		CEF943D52310A6580006EE9C /* Base */ = {isa = PBXFileReference; lastKnownFileType = file.storyboard; name = Base; path = Base.lproj/Main.storyboard; sourceTree = "<group>"; };
		CEF943D72310A65A0006EE9C /* Assets.xcassets */ = {isa = PBXFileReference; lastKnownFileType = folder.assetcatalog; path = Assets.xcassets; sourceTree = "<group>"; };
		CEF943DA2310A65A0006EE9C /* Base */ = {isa = PBXFileReference; lastKnownFileType = file.storyboard; name = Base; path = Base.lproj/LaunchScreen.storyboard; sourceTree = "<group>"; };
		CEF943DC2310A65A0006EE9C /* Info.plist */ = {isa = PBXFileReference; lastKnownFileType = text.plist.xml; path = Info.plist; sourceTree = "<group>"; };
		E5DDBF5BEE8C5CEFD3A54234 /* Pods-Export10.release.xcconfig */ = {isa = PBXFileReference; includeInIndex = 1; lastKnownFileType = text.xcconfig; name = "Pods-Export10.release.xcconfig"; path = "Target Support Files/Pods-Export10/Pods-Export10.release.xcconfig"; sourceTree = "<group>"; };
/* End PBXFileReference section */

/* Begin PBXFrameworksBuildPhase section */
		CEF943CA2310A6580006EE9C /* Frameworks */ = {
			isa = PBXFrameworksBuildPhase;
			buildActionMask = 2147483647;
			files = (
				23D43DB004A973C6D9260180 /* Pods_Export10.framework in Frameworks */,
			);
			runOnlyForDeploymentPostprocessing = 0;
		};
/* End PBXFrameworksBuildPhase section */

/* Begin PBXGroup section */
		597CEC59EE276381728EAA0D /* Pods */ = {
			isa = PBXGroup;
			children = (
				CAFE9266BA570D3DE79A40DB /* Pods-Export10.debug.xcconfig */,
				E5DDBF5BEE8C5CEFD3A54234 /* Pods-Export10.release.xcconfig */,
			);
			path = Pods;
			sourceTree = "<group>";
		};
		C0EFFE2277819376D7CEE4A9 /* Frameworks */ = {
			isa = PBXGroup;
			children = (
				C4636175A92E4974399C248C /* Pods_Export10.framework */,
			);
			name = Frameworks;
			sourceTree = "<group>";
		};
		CEF943C42310A6580006EE9C = {
			isa = PBXGroup;
			children = (
				CEF943CF2310A6580006EE9C /* Export10 */,
				CEF943CE2310A6580006EE9C /* Products */,
				597CEC59EE276381728EAA0D /* Pods */,
				C0EFFE2277819376D7CEE4A9 /* Frameworks */,
			);
			sourceTree = "<group>";
		};
		CEF943CE2310A6580006EE9C /* Products */ = {
			isa = PBXGroup;
			children = (
				CEF943CD2310A6580006EE9C /* Export10.app */,
			);
			name = Products;
			sourceTree = "<group>";
		};
		CEF943CF2310A6580006EE9C /* Export10 */ = {
			isa = PBXGroup;
			children = (
				CEF943D02310A6580006EE9C /* AppDelegate.swift */,
				CEF943D22310A6580006EE9C /* ViewController.swift */,
				CEF943D42310A6580006EE9C /* Main.storyboard */,
				CEF943D72310A65A0006EE9C /* Assets.xcassets */,
				CEF943D92310A65A0006EE9C /* LaunchScreen.storyboard */,
				CEF943DC2310A65A0006EE9C /* Info.plist */,
			);
			path = Export10;
			sourceTree = "<group>";
		};
/* End PBXGroup section */

/* Begin PBXNativeTarget section */
		CEF943CC2310A6580006EE9C /* Export10 */ = {
			isa = PBXNativeTarget;
			buildConfigurationList = CEF943DF2310A65A0006EE9C /* Build configuration list for PBXNativeTarget "Export10" */;
			buildPhases = (
				13B064F83A8384BAA48D89C5 /* [CP] Check Pods Manifest.lock */,
				CEF943C92310A6580006EE9C /* Sources */,
				CEF943CA2310A6580006EE9C /* Frameworks */,
				CEF943CB2310A6580006EE9C /* Resources */,
			);
			buildRules = (
			);
			dependencies = (
			);
			name = Export10;
			productName = Export10;
			productReference = CEF943CD2310A6580006EE9C /* Export10.app */;
			productType = "com.apple.product-type.application";
		};
/* End PBXNativeTarget section */

/* Begin PBXProject section */
		CEF943C52310A6580006EE9C /* Project object */ = {
			isa = PBXProject;
			attributes = {
				LastSwiftUpdateCheck = 1020;
				LastUpgradeCheck = 1020;
				ORGANIZATIONNAME = Organization;
				TargetAttributes = {
					CEF943CC2310A6580006EE9C = {
						CreatedOnToolsVersion = 10.2.1;
					};
				};
			};
			buildConfigurationList = CEF943C82310A6580006EE9C /* Build configuration list for PBXProject "Export10" */;
			compatibilityVersion = "Xcode 9.3";
			developmentRegion = en;
			hasScannedForEncodings = 0;
			knownRegions = (
				en,
				Base,
			);
			mainGroup = CEF943C42310A6580006EE9C;
			productRefGroup = CEF943CE2310A6580006EE9C /* Products */;
			projectDirPath = "";
			projectRoot = "";
			targets = (
				CEF943CC2310A6580006EE9C /* Export10 */,
			);
		};
/* End PBXProject section */

/* Begin PBXResourcesBuildPhase section */
		CEF943CB2310A6580006EE9C /* Resources */ = {
			isa = PBXResourcesBuildPhase;
			buildActionMask = 2147483647;
			files = (
				CEF943DB2310A65A0006EE9C /* LaunchScreen.storyboard in Resources */,
				CEF943D82310A65A0006EE9C /* Assets.xcassets in Resources */,
				CEF943D62310A6580006EE9C /* Main.storyboard in Resources */,
			);
			runOnlyForDeploymentPostprocessing = 0;
		};
/* End PBXResourcesBuildPhase section */

/* Begin PBXShellScriptBuildPhase section */
		13B064F83A8384BAA48D89C5 /* [CP] Check Pods Manifest.lock */ = {
			isa = PBXShellScriptBuildPhase;
			buildActionMask = 2147483647;
			files = (
			);
			inputFileListPaths = (
			);
			inputPaths = (
				"${PODS_PODFILE_DIR_PATH}/Podfile.lock",
				"${PODS_ROOT}/Manifest.lock",
			);
			name = "[CP] Check Pods Manifest.lock";
			outputFileListPaths = (
			);
			outputPaths = (
				"$(DERIVED_FILE_DIR)/Pods-Export10-checkManifestLockResult.txt",
			);
			runOnlyForDeploymentPostprocessing = 0;
			shellPath = /bin/sh;
			shellScript = "diff \"${PODS_PODFILE_DIR_PATH}/Podfile.lock\" \"${PODS_ROOT}/Manifest.lock\" > /dev/null\nif [ $? != 0 ] ; then\n    # print error to STDERR\n    echo \"error: The sandbox is not in sync with the Podfile.lock. Run 'pod install' or update your CocoaPods installation.\" >&2\n    exit 1\nfi\n# This output is used by Xcode 'outputs' to avoid re-running this script phase.\necho \"SUCCESS\" > \"${SCRIPT_OUTPUT_FILE_0}\"\n";
			showEnvVarsInLog = 0;
		};
/* End PBXShellScriptBuildPhase section */

/* Begin PBXSourcesBuildPhase section */
		CEF943C92310A6580006EE9C /* Sources */ = {
			isa = PBXSourcesBuildPhase;
			buildActionMask = 2147483647;
			files = (
				CEF943D32310A6580006EE9C /* ViewController.swift in Sources */,
				CEF943D12310A6580006EE9C /* AppDelegate.swift in Sources */,
			);
			runOnlyForDeploymentPostprocessing = 0;
		};
/* End PBXSourcesBuildPhase section */

/* Begin PBXVariantGroup section */
		CEF943D42310A6580006EE9C /* Main.storyboard */ = {
			isa = PBXVariantGroup;
			children = (
				CEF943D52310A6580006EE9C /* Base */,
			);
			name = Main.storyboard;
			sourceTree = "<group>";
		};
		CEF943D92310A65A0006EE9C /* LaunchScreen.storyboard */ = {
			isa = PBXVariantGroup;
			children = (
				CEF943DA2310A65A0006EE9C /* Base */,
			);
			name = LaunchScreen.storyboard;
			sourceTree = "<group>";
		};
/* End PBXVariantGroup section */

/* Begin XCBuildConfiguration section */
		CEF943DD2310A65A0006EE9C /* Debug */ = {
			isa = XCBuildConfiguration;
			buildSettings = {
				ALWAYS_SEARCH_USER_PATHS = NO;
				CLANG_ANALYZER_NONNULL = YES;
				CLANG_ANALYZER_NUMBER_OBJECT_CONVERSION = YES_AGGRESSIVE;
				CLANG_CXX_LANGUAGE_STANDARD = "gnu++14";
				CLANG_CXX_LIBRARY = "libc++";
				CLANG_ENABLE_MODULES = YES;
				CLANG_ENABLE_OBJC_ARC = YES;
				CLANG_ENABLE_OBJC_WEAK = YES;
				CLANG_WARN_BLOCK_CAPTURE_AUTORELEASING = YES;
				CLANG_WARN_BOOL_CONVERSION = YES;
				CLANG_WARN_COMMA = YES;
				CLANG_WARN_CONSTANT_CONVERSION = YES;
				CLANG_WARN_DEPRECATED_OBJC_IMPLEMENTATIONS = YES;
				CLANG_WARN_DIRECT_OBJC_ISA_USAGE = YES_ERROR;
				CLANG_WARN_DOCUMENTATION_COMMENTS = YES;
				CLANG_WARN_EMPTY_BODY = YES;
				CLANG_WARN_ENUM_CONVERSION = YES;
				CLANG_WARN_INFINITE_RECURSION = YES;
				CLANG_WARN_INT_CONVERSION = YES;
				CLANG_WARN_NON_LITERAL_NULL_CONVERSION = YES;
				CLANG_WARN_OBJC_IMPLICIT_RETAIN_SELF = YES;
				CLANG_WARN_OBJC_LITERAL_CONVERSION = YES;
				CLANG_WARN_OBJC_ROOT_CLASS = YES_ERROR;
				CLANG_WARN_RANGE_LOOP_ANALYSIS = YES;
				CLANG_WARN_STRICT_PROTOTYPES = YES;
				CLANG_WARN_SUSPICIOUS_MOVE = YES;
				CLANG_WARN_UNGUARDED_AVAILABILITY = YES_AGGRESSIVE;
				CLANG_WARN_UNREACHABLE_CODE = YES;
				CLANG_WARN__DUPLICATE_METHOD_MATCH = YES;
				CODE_SIGN_IDENTITY = "iPhone Developer";
				COPY_PHASE_STRIP = NO;
				DEBUG_INFORMATION_FORMAT = dwarf;
				ENABLE_STRICT_OBJC_MSGSEND = YES;
				ENABLE_TESTABILITY = YES;
				GCC_C_LANGUAGE_STANDARD = gnu11;
				GCC_DYNAMIC_NO_PIC = NO;
				GCC_NO_COMMON_BLOCKS = YES;
				GCC_OPTIMIZATION_LEVEL = 0;
				GCC_PREPROCESSOR_DEFINITIONS = (
					"DEBUG=1",
					"$(inherited)",
				);
				GCC_WARN_64_TO_32_BIT_CONVERSION = YES;
				GCC_WARN_ABOUT_RETURN_TYPE = YES_ERROR;
				GCC_WARN_UNDECLARED_SELECTOR = YES;
				GCC_WARN_UNINITIALIZED_AUTOS = YES_AGGRESSIVE;
				GCC_WARN_UNUSED_FUNCTION = YES;
				GCC_WARN_UNUSED_VARIABLE = YES;
				IPHONEOS_DEPLOYMENT_TARGET = 12.2;
				MTL_ENABLE_DEBUG_INFO = INCLUDE_SOURCE;
				MTL_FAST_MATH = YES;
				ONLY_ACTIVE_ARCH = YES;
				SDKROOT = iphoneos;
				SWIFT_ACTIVE_COMPILATION_CONDITIONS = DEBUG;
				SWIFT_OPTIMIZATION_LEVEL = "-Onone";
			};
			name = Debug;
		};
		CEF943DE2310A65A0006EE9C /* Release */ = {
			isa = XCBuildConfiguration;
			buildSettings = {
				ALWAYS_SEARCH_USER_PATHS = NO;
				CLANG_ANALYZER_NONNULL = YES;
				CLANG_ANALYZER_NUMBER_OBJECT_CONVERSION = YES_AGGRESSIVE;
				CLANG_CXX_LANGUAGE_STANDARD = "gnu++14";
				CLANG_CXX_LIBRARY = "libc++";
				CLANG_ENABLE_MODULES = YES;
				CLANG_ENABLE_OBJC_ARC = YES;
				CLANG_ENABLE_OBJC_WEAK = YES;
				CLANG_WARN_BLOCK_CAPTURE_AUTORELEASING = YES;
				CLANG_WARN_BOOL_CONVERSION = YES;
				CLANG_WARN_COMMA = YES;
				CLANG_WARN_CONSTANT_CONVERSION = YES;
				CLANG_WARN_DEPRECATED_OBJC_IMPLEMENTATIONS = YES;
				CLANG_WARN_DIRECT_OBJC_ISA_USAGE = YES_ERROR;
				CLANG_WARN_DOCUMENTATION_COMMENTS = YES;
				CLANG_WARN_EMPTY_BODY = YES;
				CLANG_WARN_ENUM_CONVERSION = YES;
				CLANG_WARN_INFINITE_RECURSION = YES;
				CLANG_WARN_INT_CONVERSION = YES;
				CLANG_WARN_NON_LITERAL_NULL_CONVERSION = YES;
				CLANG_WARN_OBJC_IMPLICIT_RETAIN_SELF = YES;
				CLANG_WARN_OBJC_LITERAL_CONVERSION = YES;
				CLANG_WARN_OBJC_ROOT_CLASS = YES_ERROR;
				CLANG_WARN_RANGE_LOOP_ANALYSIS = YES;
				CLANG_WARN_STRICT_PROTOTYPES = YES;
				CLANG_WARN_SUSPICIOUS_MOVE = YES;
				CLANG_WARN_UNGUARDED_AVAILABILITY = YES_AGGRESSIVE;
				CLANG_WARN_UNREACHABLE_CODE = YES;
				CLANG_WARN__DUPLICATE_METHOD_MATCH = YES;
				CODE_SIGN_IDENTITY = "iPhone Developer";
				COPY_PHASE_STRIP = NO;
				DEBUG_INFORMATION_FORMAT = "dwarf-with-dsym";
				ENABLE_NS_ASSERTIONS = NO;
				ENABLE_STRICT_OBJC_MSGSEND = YES;
				GCC_C_LANGUAGE_STANDARD = gnu11;
				GCC_NO_COMMON_BLOCKS = YES;
				GCC_WARN_64_TO_32_BIT_CONVERSION = YES;
				GCC_WARN_ABOUT_RETURN_TYPE = YES_ERROR;
				GCC_WARN_UNDECLARED_SELECTOR = YES;
				GCC_WARN_UNINITIALIZED_AUTOS = YES_AGGRESSIVE;
				GCC_WARN_UNUSED_FUNCTION = YES;
				GCC_WARN_UNUSED_VARIABLE = YES;
				IPHONEOS_DEPLOYMENT_TARGET = 12.2;
				MTL_ENABLE_DEBUG_INFO = NO;
				MTL_FAST_MATH = YES;
				SDKROOT = iphoneos;
				SWIFT_COMPILATION_MODE = wholemodule;
				SWIFT_OPTIMIZATION_LEVEL = "-O";
				VALIDATE_PRODUCT = YES;
			};
			name = Release;
		};
		CEF943E02310A65A0006EE9C /* Debug */ = {
			isa = XCBuildConfiguration;
			baseConfigurationReference = CAFE9266BA570D3DE79A40DB /* Pods-Export10.debug.xcconfig */;
			buildSettings = {
				ASSETCATALOG_COMPILER_APPICON_NAME = AppIcon;
				CODE_SIGN_STYLE = Automatic;
				INFOPLIST_FILE = Export10/Info.plist;
				IPHONEOS_DEPLOYMENT_TARGET = 10.0;
				LD_RUNPATH_SEARCH_PATHS = (
					"$(inherited)",
					"@executable_path/Frameworks",
				);
				PRODUCT_BUNDLE_IDENTIFIER = com.organization.Export10;
				PRODUCT_NAME = "$(TARGET_NAME)";
				SWIFT_VERSION = 5.0;
				TARGETED_DEVICE_FAMILY = "1,2";
			};
			name = Debug;
		};
		CEF943E12310A65A0006EE9C /* Release */ = {
			isa = XCBuildConfiguration;
			baseConfigurationReference = E5DDBF5BEE8C5CEFD3A54234 /* Pods-Export10.release.xcconfig */;
			buildSettings = {
				ASSETCATALOG_COMPILER_APPICON_NAME = AppIcon;
				CODE_SIGN_STYLE = Automatic;
				INFOPLIST_FILE = Export10/Info.plist;
				IPHONEOS_DEPLOYMENT_TARGET = 10.0;
				LD_RUNPATH_SEARCH_PATHS = (
					"$(inherited)",
					"@executable_path/Frameworks",
				);
				PRODUCT_BUNDLE_IDENTIFIER = com.organization.Export10;
				PRODUCT_NAME = "$(TARGET_NAME)";
				SWIFT_VERSION = 5.0;
				TARGETED_DEVICE_FAMILY = "1,2";
			};
			name = Release;
		};
/* End XCBuildConfiguration section */

/* Begin XCConfigurationList section */
		CEF943C82310A6580006EE9C /* Build configuration list for PBXProject "Export10" */ = {
			isa = XCConfigurationList;
			buildConfigurations = (
				CEF943DD2310A65A0006EE9C /* Debug */,
				CEF943DE2310A65A0006EE9C /* Release */,
			);
			defaultConfigurationIsVisible = 0;
			defaultConfigurationName = Release;
		};
		CEF943DF2310A65A0006EE9C /* Build configuration list for PBXNativeTarget "Export10" */ = {
			isa = XCConfigurationList;
			buildConfigurations = (
				CEF943E02310A65A0006EE9C /* Debug */,
				CEF943E12310A65A0006EE9C /* Release */,
			);
			defaultConfigurationIsVisible = 0;
			defaultConfigurationName = Release;
		};
/* End XCConfigurationList section */
	};
	rootObject = CEF943C52310A6580006EE9C /* Project object */;
}
